
Microsoft Visual Studio Solution File, Format Version 12.00
# Visual Studio Version 17
VisualStudioVersion = 17.12.35527.113 d17.12
MinimumVisualStudioVersion = 10.0.40219.1
Project("{FAE04EC0-301F-11D3-BF4B-00C04F79EFBC}") = "eee", "eee.csproj", "{435045D3-12BD-467D-A755-9B5601C5FB0D}"
EndProject
Global
	GlobalSection(SolutionConfigurationPlatforms) = preSolution
		Debug|Any CPU = Debug|Any CPU
		Release|Any CPU = Release|Any CPU
	EndGlobalSection
	GlobalSection(ProjectConfigurationPlatforms) = postSolution
		{435045D3-12BD-467D-A755-9B5601C5FB0D}.Debug|Any CPU.ActiveCfg = Debug|Any CPU
		{435045D3-12BD-467D-A755-9B5601C5FB0D}.Debug|Any CPU.Build.0 = Debug|Any CPU
		{435045D3-12BD-467D-A755-9B5601C5FB0D}.Release|Any CPU.ActiveCfg = Release|Any CPU
		{435045D3-12BD-467D-A755-9B5601C5FB0D}.Release|Any CPU.Build.0 = Release|Any CPU
	EndGlobalSection
	GlobalSection(SolutionProperties) = preSolution
		HideSolutionNode = FALSE
	EndGlobalSection
EndGlobal
