
Microsoft Visual Studio Solution File, Format Version 12.00
# Visual Studio Version 17
VisualStudioVersion = 17.12.35527.113 d17.12
MinimumVisualStudioVersion = 10.0.40219.1
Project("{FAE04EC0-301F-11D3-BF4B-00C04F79EFBC}") = "Project2", "Project2.csproj", "{FC632A91-CA1F-4170-90FE-813588B12076}"
EndProject
Global
	GlobalSection(SolutionConfigurationPlatforms) = preSolution
		Debug|Any CPU = Debug|Any CPU
		Release|Any CPU = Release|Any CPU
	EndGlobalSection
	GlobalSection(ProjectConfigurationPlatforms) = postSolution
		{FC632A91-CA1F-4170-90FE-813588B12076}.Debug|Any CPU.ActiveCfg = Debug|Any CPU
		{FC632A91-CA1F-4170-90FE-813588B12076}.Debug|Any CPU.Build.0 = Debug|Any CPU
		{FC632A91-CA1F-4170-90FE-813588B12076}.Release|Any CPU.ActiveCfg = Release|Any CPU
		{FC632A91-CA1F-4170-90FE-813588B12076}.Release|Any CPU.Build.0 = Release|Any CPU
	EndGlobalSection
	GlobalSection(SolutionProperties) = preSolution
		HideSolutionNode = FALSE
	EndGlobalSection
EndGlobal
