
Microsoft Visual Studio Solution File, Format Version 12.00
# Visual Studio Version 17
VisualStudioVersion = 17.12.35527.113 d17.12
MinimumVisualStudioVersion = 10.0.40219.1
Project("{FAE04EC0-301F-11D3-BF4B-00C04F79EFBC}") = "zadanie9krysia2wersja", "zadanie9krysia2wersja.csproj", "{B2B451AB-3686-4041-851C-8014AD548C60}"
EndProject
Global
	GlobalSection(SolutionConfigurationPlatforms) = preSolution
		Debug|Any CPU = Debug|Any CPU
		Release|Any CPU = Release|Any CPU
	EndGlobalSection
	GlobalSection(ProjectConfigurationPlatforms) = postSolution
		{B2B451AB-3686-4041-851C-8014AD548C60}.Debug|Any CPU.ActiveCfg = Debug|Any CPU
		{B2B451AB-3686-4041-851C-8014AD548C60}.Debug|Any CPU.Build.0 = Debug|Any CPU
		{B2B451AB-3686-4041-851C-8014AD548C60}.Release|Any CPU.ActiveCfg = Release|Any CPU
		{B2B451AB-3686-4041-851C-8014AD548C60}.Release|Any CPU.Build.0 = Release|Any CPU
	EndGlobalSection
	GlobalSection(SolutionProperties) = preSolution
		HideSolutionNode = FALSE
	EndGlobalSection
EndGlobal
